
Microsoft Visual Studio Solution File, Format Version 12.00
# Visual Studio Version 17
VisualStudioVersion = 17.2.32616.157
MinimumVisualStudioVersion = 10.0.40219.1
Project("{FAE04EC0-301F-11D3-BF4B-00C04F79EFBC}") = "Liverpool", "Liverpool\Liverpool.csproj", "{D0AB065C-9E90-4F01-BE8B-37F1EA2D0349}"
EndProject
Global
	GlobalSection(SolutionConfigurationPlatforms) = preSolution
		Debug|Any CPU = Debug|Any CPU
		Release|Any CPU = Release|Any CPU
	EndGlobalSection
	GlobalSection(ProjectConfigurationPlatforms) = postSolution
		{D0AB065C-9E90-4F01-BE8B-37F1EA2D0349}.Debug|Any CPU.ActiveCfg = Debug|Any CPU
		{D0AB065C-9E90-4F01-BE8B-37F1EA2D0349}.Debug|Any CPU.Build.0 = Debug|Any CPU
		{D0AB065C-9E90-4F01-BE8B-37F1EA2D0349}.Release|Any CPU.ActiveCfg = Release|Any CPU
		{D0AB065C-9E90-4F01-BE8B-37F1EA2D0349}.Release|Any CPU.Build.0 = Release|Any CPU
	EndGlobalSection
	GlobalSection(SolutionProperties) = preSolution
		HideSolutionNode = FALSE
	EndGlobalSection
	GlobalSection(ExtensibilityGlobals) = postSolution
		SolutionGuid = {130EE4B6-0F74-4E69-A6BA-7D2948437702}
	EndGlobalSection
EndGlobal
